
Microsoft Visual Studio Solution File, Format Version 12.00
# Visual Studio 15
VisualStudioVersion = 15.0.28307.1340
MinimumVisualStudioVersion = 10.0.40219.1
Project("{FAE04EC0-301F-11D3-BF4B-00C04F79EFBC}") = "TUWebService", "TUWebService\TUWebService.csproj", "{08846F43-96AA-403F-B385-6B2CBBAE9E0C}"
EndProject
Project("{FAE04EC0-301F-11D3-BF4B-00C04F79EFBC}") = "EmployedWindowsClient", "EmployedWindowsClient\EmployedWindowsClient.csproj", "{BD63ED40-D30C-42A0-A273-7C1454E8F36C}"
EndProject
Project("{FAE04EC0-301F-11D3-BF4B-00C04F79EFBC}") = "ConsoleApp1", "ConsoleApp1\ConsoleApp1.csproj", "{D3B9A409-D916-40A7-82A5-CEE7048DB680}"
EndProject
Global
	GlobalSection(SolutionConfigurationPlatforms) = preSolution
		Debug|Any CPU = Debug|Any CPU
		Release|Any CPU = Release|Any CPU
	EndGlobalSection
	GlobalSection(ProjectConfigurationPlatforms) = postSolution
		{08846F43-96AA-403F-B385-6B2CBBAE9E0C}.Debug|Any CPU.ActiveCfg = Debug|Any CPU
		{08846F43-96AA-403F-B385-6B2CBBAE9E0C}.Debug|Any CPU.Build.0 = Debug|Any CPU
		{08846F43-96AA-403F-B385-6B2CBBAE9E0C}.Release|Any CPU.ActiveCfg = Release|Any CPU
		{08846F43-96AA-403F-B385-6B2CBBAE9E0C}.Release|Any CPU.Build.0 = Release|Any CPU
		{BD63ED40-D30C-42A0-A273-7C1454E8F36C}.Debug|Any CPU.ActiveCfg = Debug|Any CPU
		{BD63ED40-D30C-42A0-A273-7C1454E8F36C}.Debug|Any CPU.Build.0 = Debug|Any CPU
		{BD63ED40-D30C-42A0-A273-7C1454E8F36C}.Release|Any CPU.ActiveCfg = Release|Any CPU
		{BD63ED40-D30C-42A0-A273-7C1454E8F36C}.Release|Any CPU.Build.0 = Release|Any CPU
		{D3B9A409-D916-40A7-82A5-CEE7048DB680}.Debug|Any CPU.ActiveCfg = Debug|Any CPU
		{D3B9A409-D916-40A7-82A5-CEE7048DB680}.Debug|Any CPU.Build.0 = Debug|Any CPU
		{D3B9A409-D916-40A7-82A5-CEE7048DB680}.Release|Any CPU.ActiveCfg = Release|Any CPU
		{D3B9A409-D916-40A7-82A5-CEE7048DB680}.Release|Any CPU.Build.0 = Release|Any CPU
	EndGlobalSection
	GlobalSection(SolutionProperties) = preSolution
		HideSolutionNode = FALSE
	EndGlobalSection
	GlobalSection(ExtensibilityGlobals) = postSolution
		SolutionGuid = {9402BF7B-4DF7-412C-91ED-5DC269F4ED79}
	EndGlobalSection
EndGlobal
